// !$*UTF8*$!
{
	archiveVersion = 1;
	classes = {
	};
	objectVersion = 55;
	objects = {

/* Begin PBXBuildFile section */
		C1F5DE5828A08FF00088C720 /* AppDelegate.swift in Sources */ = {isa = PBXBuildFile; fileRef = C1F5DE5728A08FF00088C720 /* AppDelegate.swift */; };
		C1F5DE5A28A08FF00088C720 /* SceneDelegate.swift in Sources */ = {isa = PBXBuildFile; fileRef = C1F5DE5928A08FF00088C720 /* SceneDelegate.swift */; };
		C1F5DE5C28A08FF00088C720 /* ViewController.swift in Sources */ = {isa = PBXBuildFile; fileRef = C1F5DE5B28A08FF00088C720 /* ViewController.swift */; };
		C1F5DE5F28A08FF00088C720 /* Main.storyboard in Resources */ = {isa = PBXBuildFile; fileRef = C1F5DE5D28A08FF00088C720 /* Main.storyboard */; };
		C1F5DE6128A08FF10088C720 /* Assets.xcassets in Resources */ = {isa = PBXBuildFile; fileRef = C1F5DE6028A08FF10088C720 /* Assets.xcassets */; };
		C1F5DE6428A08FF10088C720 /* LaunchScreen.storyboard in Resources */ = {isa = PBXBuildFile; fileRef = C1F5DE6228A08FF10088C720 /* LaunchScreen.storyboard */; };
		C1F5DE6D28A0901B0088C720 /* Alamofire in Frameworks */ = {isa = PBXBuildFile; productRef = C1F5DE6C28A0901B0088C720 /* Alamofire */; };
		C1F5DE7028A090290088C720 /* SwiftyJSON in Frameworks */ = {isa = PBXBuildFile; productRef = C1F5DE6F28A090290088C720 /* SwiftyJSON */; };
		C1F5DE7328A090340088C720 /* Kingfisher in Frameworks */ = {isa = PBXBuildFile; productRef = C1F5DE7228A090340088C720 /* Kingfisher */; };
/* End PBXBuildFile section */

/* Begin PBXFileReference section */
		C1F5DE5428A08FF00088C720 /* SeSACWeek6.app */ = {isa = PBXFileReference; explicitFileType = wrapper.application; includeInIndex = 0; path = SeSACWeek6.app; sourceTree = BUILT_PRODUCTS_DIR; };
		C1F5DE5728A08FF00088C720 /* AppDelegate.swift */ = {isa = PBXFileReference; lastKnownFileType = sourcecode.swift; path = AppDelegate.swift; sourceTree = "<group>"; };
		C1F5DE5928A08FF00088C720 /* SceneDelegate.swift */ = {isa = PBXFileReference; lastKnownFileType = sourcecode.swift; path = SceneDelegate.swift; sourceTree = "<group>"; };
		C1F5DE5B28A08FF00088C720 /* ViewController.swift */ = {isa = PBXFileReference; lastKnownFileType = sourcecode.swift; path = ViewController.swift; sourceTree = "<group>"; };
		C1F5DE5E28A08FF00088C720 /* Base */ = {isa = PBXFileReference; lastKnownFileType = file.storyboard; name = Base; path = Base.lproj/Main.storyboard; sourceTree = "<group>"; };
		C1F5DE6028A08FF10088C720 /* Assets.xcassets */ = {isa = PBXFileReference; lastKnownFileType = folder.assetcatalog; path = Assets.xcassets; sourceTree = "<group>"; };
		C1F5DE6328A08FF10088C720 /* Base */ = {isa = PBXFileReference; lastKnownFileType = file.storyboard; name = Base; path = Base.lproj/LaunchScreen.storyboard; sourceTree = "<group>"; };
		C1F5DE6528A08FF10088C720 /* Info.plist */ = {isa = PBXFileReference; lastKnownFileType = text.plist.xml; path = Info.plist; sourceTree = "<group>"; };
/* End PBXFileReference section */

/* Begin PBXFrameworksBuildPhase section */
		C1F5DE5128A08FF00088C720 /* Frameworks */ = {
			isa = PBXFrameworksBuildPhase;
			buildActionMask = 2147483647;
			files = (
				C1F5DE7328A090340088C720 /* Kingfisher in Frameworks */,
				C1F5DE7028A090290088C720 /* SwiftyJSON in Frameworks */,
				C1F5DE6D28A0901B0088C720 /* Alamofire in Frameworks */,
			);
			runOnlyForDeploymentPostprocessing = 0;
		};
/* End PBXFrameworksBuildPhase section */

/* Begin PBXGroup section */
		C1F5DE4B28A08FF00088C720 = {
			isa = PBXGroup;
			children = (
				C1F5DE5628A08FF00088C720 /* SeSACWeek6 */,
				C1F5DE5528A08FF00088C720 /* Products */,
			);
			sourceTree = "<group>";
		};
		C1F5DE5528A08FF00088C720 /* Products */ = {
			isa = PBXGroup;
			children = (
				C1F5DE5428A08FF00088C720 /* SeSACWeek6.app */,
			);
			name = Products;
			sourceTree = "<group>";
		};
		C1F5DE5628A08FF00088C720 /* SeSACWeek6 */ = {
			isa = PBXGroup;
			children = (
				C1F5DE5728A08FF00088C720 /* AppDelegate.swift */,
				C1F5DE5928A08FF00088C720 /* SceneDelegate.swift */,
				C1F5DE5B28A08FF00088C720 /* ViewController.swift */,
				C1F5DE5D28A08FF00088C720 /* Main.storyboard */,
				C1F5DE6028A08FF10088C720 /* Assets.xcassets */,
				C1F5DE6228A08FF10088C720 /* LaunchScreen.storyboard */,
				C1F5DE6528A08FF10088C720 /* Info.plist */,
			);
			path = SeSACWeek6;
			sourceTree = "<group>";
		};
/* End PBXGroup section */

/* Begin PBXNativeTarget section */
		C1F5DE5328A08FF00088C720 /* SeSACWeek6 */ = {
			isa = PBXNativeTarget;
			buildConfigurationList = C1F5DE6828A08FF10088C720 /* Build configuration list for PBXNativeTarget "SeSACWeek6" */;
			buildPhases = (
				C1F5DE5028A08FF00088C720 /* Sources */,
				C1F5DE5128A08FF00088C720 /* Frameworks */,
				C1F5DE5228A08FF00088C720 /* Resources */,
			);
			buildRules = (
			);
			dependencies = (
			);
			name = SeSACWeek6;
			packageProductDependencies = (
				C1F5DE6C28A0901B0088C720 /* Alamofire */,
				C1F5DE6F28A090290088C720 /* SwiftyJSON */,
				C1F5DE7228A090340088C720 /* Kingfisher */,
			);
			productName = SeSACWeek6;
			productReference = C1F5DE5428A08FF00088C720 /* SeSACWeek6.app */;
			productType = "com.apple.product-type.application";
		};
/* End PBXNativeTarget section */

/* Begin PBXProject section */
		C1F5DE4C28A08FF00088C720 /* Project object */ = {
			isa = PBXProject;
			attributes = {
				BuildIndependentTargetsInParallel = 1;
				LastSwiftUpdateCheck = 1340;
				LastUpgradeCheck = 1340;
				TargetAttributes = {
					C1F5DE5328A08FF00088C720 = {
						CreatedOnToolsVersion = 13.4.1;
					};
				};
			};
			buildConfigurationList = C1F5DE4F28A08FF00088C720 /* Build configuration list for PBXProject "SeSACWeek6" */;
			compatibilityVersion = "Xcode 13.0";
			developmentRegion = en;
			hasScannedForEncodings = 0;
			knownRegions = (
				en,
				Base,
			);
			mainGroup = C1F5DE4B28A08FF00088C720;
			packageReferences = (
				C1F5DE6B28A0901B0088C720 /* XCRemoteSwiftPackageReference "Alamofire" */,
				C1F5DE6E28A090290088C720 /* XCRemoteSwiftPackageReference "SwiftyJSON" */,
				C1F5DE7128A090340088C720 /* XCRemoteSwiftPackageReference "Kingfisher" */,
			);
			productRefGroup = C1F5DE5528A08FF00088C720 /* Products */;
			projectDirPath = "";
			projectRoot = "";
			targets = (
				C1F5DE5328A08FF00088C720 /* SeSACWeek6 */,
			);
		};
/* End PBXProject section */

/* Begin PBXResourcesBuildPhase section */
		C1F5DE5228A08FF00088C720 /* Resources */ = {
			isa = PBXResourcesBuildPhase;
			buildActionMask = 2147483647;
			files = (
				C1F5DE6428A08FF10088C720 /* LaunchScreen.storyboard in Resources */,
				C1F5DE6128A08FF10088C720 /* Assets.xcassets in Resources */,
				C1F5DE5F28A08FF00088C720 /* Main.storyboard in Resources */,
			);
			runOnlyForDeploymentPostprocessing = 0;
		};
/* End PBXResourcesBuildPhase section */

/* Begin PBXSourcesBuildPhase section */
		C1F5DE5028A08FF00088C720 /* Sources */ = {
			isa = PBXSourcesBuildPhase;
			buildActionMask = 2147483647;
			files = (
				C1F5DE5C28A08FF00088C720 /* ViewController.swift in Sources */,
				C1F5DE5828A08FF00088C720 /* AppDelegate.swift in Sources */,
				C1F5DE5A28A08FF00088C720 /* SceneDelegate.swift in Sources */,
			);
			runOnlyForDeploymentPostprocessing = 0;
		};
/* End PBXSourcesBuildPhase section */

/* Begin PBXVariantGroup section */
		C1F5DE5D28A08FF00088C720 /* Main.storyboard */ = {
			isa = PBXVariantGroup;
			children = (
				C1F5DE5E28A08FF00088C720 /* Base */,
			);
			name = Main.storyboard;
			sourceTree = "<group>";
		};
		C1F5DE6228A08FF10088C720 /* LaunchScreen.storyboard */ = {
			isa = PBXVariantGroup;
			children = (
				C1F5DE6328A08FF10088C720 /* Base */,
			);
			name = LaunchScreen.storyboard;
			sourceTree = "<group>";
		};
/* End PBXVariantGroup section */

/* Begin XCBuildConfiguration section */
		C1F5DE6628A08FF10088C720 /* Debug */ = {
			isa = XCBuildConfiguration;
			buildSettings = {
				ALWAYS_SEARCH_USER_PATHS = NO;
				CLANG_ANALYZER_NONNULL = YES;
				CLANG_ANALYZER_NUMBER_OBJECT_CONVERSION = YES_AGGRESSIVE;
				CLANG_CXX_LANGUAGE_STANDARD = "gnu++17";
				CLANG_ENABLE_MODULES = YES;
				CLANG_ENABLE_OBJC_ARC = YES;
				CLANG_ENABLE_OBJC_WEAK = YES;
				CLANG_WARN_BLOCK_CAPTURE_AUTORELEASING = YES;
				CLANG_WARN_BOOL_CONVERSION = YES;
				CLANG_WARN_COMMA = YES;
				CLANG_WARN_CONSTANT_CONVERSION = YES;
				CLANG_WARN_DEPRECATED_OBJC_IMPLEMENTATIONS = YES;
				CLANG_WARN_DIRECT_OBJC_ISA_USAGE = YES_ERROR;
				CLANG_WARN_DOCUMENTATION_COMMENTS = YES;
				CLANG_WARN_EMPTY_BODY = YES;
				CLANG_WARN_ENUM_CONVERSION = YES;
				CLANG_WARN_INFINITE_RECURSION = YES;
				CLANG_WARN_INT_CONVERSION = YES;
				CLANG_WARN_NON_LITERAL_NULL_CONVERSION = YES;
				CLANG_WARN_OBJC_IMPLICIT_RETAIN_SELF = YES;
				CLANG_WARN_OBJC_LITERAL_CONVERSION = YES;
				CLANG_WARN_OBJC_ROOT_CLASS = YES_ERROR;
				CLANG_WARN_QUOTED_INCLUDE_IN_FRAMEWORK_HEADER = YES;
				CLANG_WARN_RANGE_LOOP_ANALYSIS = YES;
				CLANG_WARN_STRICT_PROTOTYPES = YES;
				CLANG_WARN_SUSPICIOUS_MOVE = YES;
				CLANG_WARN_UNGUARDED_AVAILABILITY = YES_AGGRESSIVE;
				CLANG_WARN_UNREACHABLE_CODE = YES;
				CLANG_WARN__DUPLICATE_METHOD_MATCH = YES;
				COPY_PHASE_STRIP = NO;
				DEBUG_INFORMATION_FORMAT = dwarf;
				ENABLE_STRICT_OBJC_MSGSEND = YES;
				ENABLE_TESTABILITY = YES;
				GCC_C_LANGUAGE_STANDARD = gnu11;
				GCC_DYNAMIC_NO_PIC = NO;
				GCC_NO_COMMON_BLOCKS = YES;
				GCC_OPTIMIZATION_LEVEL = 0;
				GCC_PREPROCESSOR_DEFINITIONS = (
					"DEBUG=1",
					"$(inherited)",
				);
				GCC_WARN_64_TO_32_BIT_CONVERSION = YES;
				GCC_WARN_ABOUT_RETURN_TYPE = YES_ERROR;
				GCC_WARN_UNDECLARED_SELECTOR = YES;
				GCC_WARN_UNINITIALIZED_AUTOS = YES_AGGRESSIVE;
				GCC_WARN_UNUSED_FUNCTION = YES;
				GCC_WARN_UNUSED_VARIABLE = YES;
				IPHONEOS_DEPLOYMENT_TARGET = 15.5;
				MTL_ENABLE_DEBUG_INFO = INCLUDE_SOURCE;
				MTL_FAST_MATH = YES;
				ONLY_ACTIVE_ARCH = YES;
				SDKROOT = iphoneos;
				SWIFT_ACTIVE_COMPILATION_CONDITIONS = DEBUG;
				SWIFT_OPTIMIZATION_LEVEL = "-Onone";
			};
			name = Debug;
		};
		C1F5DE6728A08FF10088C720 /* Release */ = {
			isa = XCBuildConfiguration;
			buildSettings = {
				ALWAYS_SEARCH_USER_PATHS = NO;
				CLANG_ANALYZER_NONNULL = YES;
				CLANG_ANALYZER_NUMBER_OBJECT_CONVERSION = YES_AGGRESSIVE;
				CLANG_CXX_LANGUAGE_STANDARD = "gnu++17";
				CLANG_ENABLE_MODULES = YES;
				CLANG_ENABLE_OBJC_ARC = YES;
				CLANG_ENABLE_OBJC_WEAK = YES;
				CLANG_WARN_BLOCK_CAPTURE_AUTORELEASING = YES;
				CLANG_WARN_BOOL_CONVERSION = YES;
				CLANG_WARN_COMMA = YES;
				CLANG_WARN_CONSTANT_CONVERSION = YES;
				CLANG_WARN_DEPRECATED_OBJC_IMPLEMENTATIONS = YES;
				CLANG_WARN_DIRECT_OBJC_ISA_USAGE = YES_ERROR;
				CLANG_WARN_DOCUMENTATION_COMMENTS = YES;
				CLANG_WARN_EMPTY_BODY = YES;
				CLANG_WARN_ENUM_CONVERSION = YES;
				CLANG_WARN_INFINITE_RECURSION = YES;
				CLANG_WARN_INT_CONVERSION = YES;
				CLANG_WARN_NON_LITERAL_NULL_CONVERSION = YES;
				CLANG_WARN_OBJC_IMPLICIT_RETAIN_SELF = YES;
				CLANG_WARN_OBJC_LITERAL_CONVERSION = YES;
				CLANG_WARN_OBJC_ROOT_CLASS = YES_ERROR;
				CLANG_WARN_QUOTED_INCLUDE_IN_FRAMEWORK_HEADER = YES;
				CLANG_WARN_RANGE_LOOP_ANALYSIS = YES;
				CLANG_WARN_STRICT_PROTOTYPES = YES;
				CLANG_WARN_SUSPICIOUS_MOVE = YES;
				CLANG_WARN_UNGUARDED_AVAILABILITY = YES_AGGRESSIVE;
				CLANG_WARN_UNREACHABLE_CODE = YES;
				CLANG_WARN__DUPLICATE_METHOD_MATCH = YES;
				COPY_PHASE_STRIP = NO;
				DEBUG_INFORMATION_FORMAT = "dwarf-with-dsym";
				ENABLE_NS_ASSERTIONS = NO;
				ENABLE_STRICT_OBJC_MSGSEND = YES;
				GCC_C_LANGUAGE_STANDARD = gnu11;
				GCC_NO_COMMON_BLOCKS = YES;
				GCC_WARN_64_TO_32_BIT_CONVERSION = YES;
				GCC_WARN_ABOUT_RETURN_TYPE = YES_ERROR;
				GCC_WARN_UNDECLARED_SELECTOR = YES;
				GCC_WARN_UNINITIALIZED_AUTOS = YES_AGGRESSIVE;
				GCC_WARN_UNUSED_FUNCTION = YES;
				GCC_WARN_UNUSED_VARIABLE = YES;
				IPHONEOS_DEPLOYMENT_TARGET = 15.5;
				MTL_ENABLE_DEBUG_INFO = NO;
				MTL_FAST_MATH = YES;
				SDKROOT = iphoneos;
				SWIFT_COMPILATION_MODE = wholemodule;
				SWIFT_OPTIMIZATION_LEVEL = "-O";
				VALIDATE_PRODUCT = YES;
			};
			name = Release;
		};
		C1F5DE6928A08FF10088C720 /* Debug */ = {
			isa = XCBuildConfiguration;
			buildSettings = {
				ASSETCATALOG_COMPILER_APPICON_NAME = AppIcon;
				ASSETCATALOG_COMPILER_GLOBAL_ACCENT_COLOR_NAME = AccentColor;
				CODE_SIGN_STYLE = Automatic;
				CURRENT_PROJECT_VERSION = 1;
				GENERATE_INFOPLIST_FILE = YES;
				INFOPLIST_FILE = SeSACWeek6/Info.plist;
				INFOPLIST_KEY_UIApplicationSupportsIndirectInputEvents = YES;
				INFOPLIST_KEY_UILaunchStoryboardName = LaunchScreen;
				INFOPLIST_KEY_UIMainStoryboardFile = Main;
				INFOPLIST_KEY_UISupportedInterfaceOrientations_iPad = "UIInterfaceOrientationPortrait UIInterfaceOrientationPortraitUpsideDown UIInterfaceOrientationLandscapeLeft UIInterfaceOrientationLandscapeRight";
				INFOPLIST_KEY_UISupportedInterfaceOrientations_iPhone = "UIInterfaceOrientationPortrait UIInterfaceOrientationLandscapeLeft UIInterfaceOrientationLandscapeRight";
				LD_RUNPATH_SEARCH_PATHS = (
					"$(inherited)",
					"@executable_path/Frameworks",
				);
				MARKETING_VERSION = 1.0;
				PRODUCT_BUNDLE_IDENTIFIER = com.skylerLee.SeSACWeek6;
				PRODUCT_NAME = "$(TARGET_NAME)";
				SWIFT_EMIT_LOC_STRINGS = YES;
				SWIFT_VERSION = 5.0;
				TARGETED_DEVICE_FAMILY = "1,2";
			};
			name = Debug;
		};
		C1F5DE6A28A08FF10088C720 /* Release */ = {
			isa = XCBuildConfiguration;
			buildSettings = {
				ASSETCATALOG_COMPILER_APPICON_NAME = AppIcon;
				ASSETCATALOG_COMPILER_GLOBAL_ACCENT_COLOR_NAME = AccentColor;
				CODE_SIGN_STYLE = Automatic;
				CURRENT_PROJECT_VERSION = 1;
				GENERATE_INFOPLIST_FILE = YES;
				INFOPLIST_FILE = SeSACWeek6/Info.plist;
				INFOPLIST_KEY_UIApplicationSupportsIndirectInputEvents = YES;
				INFOPLIST_KEY_UILaunchStoryboardName = LaunchScreen;
				INFOPLIST_KEY_UIMainStoryboardFile = Main;
				INFOPLIST_KEY_UISupportedInterfaceOrientations_iPad = "UIInterfaceOrientationPortrait UIInterfaceOrientationPortraitUpsideDown UIInterfaceOrientationLandscapeLeft UIInterfaceOrientationLandscapeRight";
				INFOPLIST_KEY_UISupportedInterfaceOrientations_iPhone = "UIInterfaceOrientationPortrait UIInterfaceOrientationLandscapeLeft UIInterfaceOrientationLandscapeRight";
				LD_RUNPATH_SEARCH_PATHS = (
					"$(inherited)",
					"@executable_path/Frameworks",
				);
				MARKETING_VERSION = 1.0;
				PRODUCT_BUNDLE_IDENTIFIER = com.skylerLee.SeSACWeek6;
				PRODUCT_NAME = "$(TARGET_NAME)";
				SWIFT_EMIT_LOC_STRINGS = YES;
				SWIFT_VERSION = 5.0;
				TARGETED_DEVICE_FAMILY = "1,2";
			};
			name = Release;
		};
/* End XCBuildConfiguration section */

/* Begin XCConfigurationList section */
		C1F5DE4F28A08FF00088C720 /* Build configuration list for PBXProject "SeSACWeek6" */ = {
			isa = XCConfigurationList;
			buildConfigurations = (
				C1F5DE6628A08FF10088C720 /* Debug */,
				C1F5DE6728A08FF10088C720 /* Release */,
			);
			defaultConfigurationIsVisible = 0;
			defaultConfigurationName = Release;
		};
		C1F5DE6828A08FF10088C720 /* Build configuration list for PBXNativeTarget "SeSACWeek6" */ = {
			isa = XCConfigurationList;
			buildConfigurations = (
				C1F5DE6928A08FF10088C720 /* Debug */,
				C1F5DE6A28A08FF10088C720 /* Release */,
			);
			defaultConfigurationIsVisible = 0;
			defaultConfigurationName = Release;
		};
/* End XCConfigurationList section */

/* Begin XCRemoteSwiftPackageReference section */
		C1F5DE6B28A0901B0088C720 /* XCRemoteSwiftPackageReference "Alamofire" */ = {
			isa = XCRemoteSwiftPackageReference;
			repositoryURL = "https://github.com/Alamofire/Alamofire.git";
			requirement = {
				kind = upToNextMajorVersion;
				minimumVersion = 5.0.0;
			};
		};
		C1F5DE6E28A090290088C720 /* XCRemoteSwiftPackageReference "SwiftyJSON" */ = {
			isa = XCRemoteSwiftPackageReference;
			repositoryURL = "https://github.com/SwiftyJSON/SwiftyJSON.git";
			requirement = {
				kind = upToNextMajorVersion;
				minimumVersion = 5.0.0;
			};
		};
		C1F5DE7128A090340088C720 /* XCRemoteSwiftPackageReference "Kingfisher" */ = {
			isa = XCRemoteSwiftPackageReference;
			repositoryURL = "https://github.com/onevcat/Kingfisher.git";
			requirement = {
				kind = upToNextMajorVersion;
				minimumVersion = 7.0.0;
			};
		};
/* End XCRemoteSwiftPackageReference section */

/* Begin XCSwiftPackageProductDependency section */
		C1F5DE6C28A0901B0088C720 /* Alamofire */ = {
			isa = XCSwiftPackageProductDependency;
			package = C1F5DE6B28A0901B0088C720 /* XCRemoteSwiftPackageReference "Alamofire" */;
			productName = Alamofire;
		};
		C1F5DE6F28A090290088C720 /* SwiftyJSON */ = {
			isa = XCSwiftPackageProductDependency;
			package = C1F5DE6E28A090290088C720 /* XCRemoteSwiftPackageReference "SwiftyJSON" */;
			productName = SwiftyJSON;
		};
		C1F5DE7228A090340088C720 /* Kingfisher */ = {
			isa = XCSwiftPackageProductDependency;
			package = C1F5DE7128A090340088C720 /* XCRemoteSwiftPackageReference "Kingfisher" */;
			productName = Kingfisher;
		};
/* End XCSwiftPackageProductDependency section */
	};
	rootObject = C1F5DE4C28A08FF00088C720 /* Project object */;
}
